
Microsoft Visual Studio Solution File, Format Version 12.00
# Visual Studio Version 16
VisualStudioVersion = 16.0.29519.87
MinimumVisualStudioVersion = 10.0.40219.1
Project("{9A19103F-16F7-4668-BE54-9A1E7A4F7556}") = "WS.Extensions.Collections.Generic", "WS.Extensions.Collections.Generic\WS.Extensions.Collections.Generic.csproj", "{1059B52E-9E76-4290-A579-41C30A99DC2C}"
EndProject
Project("{9A19103F-16F7-4668-BE54-9A1E7A4F7556}") = "WS.Extensions.FileProviders.Physical", "WS.Extensions.FileProviders.Physical\WS.Extensions.FileProviders.Physical.csproj", "{9A62B78A-4641-4D43-9C24-2609CF57190A}"
EndProject
Project("{9A19103F-16F7-4668-BE54-9A1E7A4F7556}") = "PhysicalFolderWatcherDemo", "PhysicalFolderWatcherDemo\PhysicalFolderWatcherDemo.csproj", "{AE8F0E11-35F8-4E5B-A865-B3FE9153A1CD}"
EndProject
Global
	GlobalSection(SolutionConfigurationPlatforms) = preSolution
		Debug|Any CPU = Debug|Any CPU
		Release|Any CPU = Release|Any CPU
	EndGlobalSection
	GlobalSection(ProjectConfigurationPlatforms) = postSolution
		{1059B52E-9E76-4290-A579-41C30A99DC2C}.Debug|Any CPU.ActiveCfg = Debug|Any CPU
		{1059B52E-9E76-4290-A579-41C30A99DC2C}.Debug|Any CPU.Build.0 = Debug|Any CPU
		{1059B52E-9E76-4290-A579-41C30A99DC2C}.Release|Any CPU.ActiveCfg = Release|Any CPU
		{1059B52E-9E76-4290-A579-41C30A99DC2C}.Release|Any CPU.Build.0 = Release|Any CPU
		{9A62B78A-4641-4D43-9C24-2609CF57190A}.Debug|Any CPU.ActiveCfg = Debug|Any CPU
		{9A62B78A-4641-4D43-9C24-2609CF57190A}.Debug|Any CPU.Build.0 = Debug|Any CPU
		{9A62B78A-4641-4D43-9C24-2609CF57190A}.Release|Any CPU.ActiveCfg = Release|Any CPU
		{9A62B78A-4641-4D43-9C24-2609CF57190A}.Release|Any CPU.Build.0 = Release|Any CPU
		{AE8F0E11-35F8-4E5B-A865-B3FE9153A1CD}.Debug|Any CPU.ActiveCfg = Debug|Any CPU
		{AE8F0E11-35F8-4E5B-A865-B3FE9153A1CD}.Debug|Any CPU.Build.0 = Debug|Any CPU
		{AE8F0E11-35F8-4E5B-A865-B3FE9153A1CD}.Release|Any CPU.ActiveCfg = Release|Any CPU
		{AE8F0E11-35F8-4E5B-A865-B3FE9153A1CD}.Release|Any CPU.Build.0 = Release|Any CPU
	EndGlobalSection
	GlobalSection(SolutionProperties) = preSolution
		HideSolutionNode = FALSE
	EndGlobalSection
	GlobalSection(ExtensibilityGlobals) = postSolution
		SolutionGuid = {C3F3AEC6-6122-4FAC-A113-DBFD010445A2}
	EndGlobalSection
EndGlobal
